// !$*UTF8*$!
{
	archiveVersion = 1;
	classes = {
	};
	objectVersion = 51;
	objects = {

/* Begin PBXBuildFile section */
		D55DC4BE214AFC182A3AD8E1 /* Pods_FirebaseWebinar.framework in Frameworks */ = {isa = PBXBuildFile; fileRef = FAE51934E99E046C684F0AF0 /* Pods_FirebaseWebinar.framework */; };
		F0F66F0323A69DD000272AAD /* AppDelegate.swift in Sources */ = {isa = PBXBuildFile; fileRef = F0F66F0223A69DD000272AAD /* AppDelegate.swift */; };
		F0F66F0523A69DD000272AAD /* SceneDelegate.swift in Sources */ = {isa = PBXBuildFile; fileRef = F0F66F0423A69DD000272AAD /* SceneDelegate.swift */; };
		F0F66F0723A69DD000272AAD /* ViewController.swift in Sources */ = {isa = PBXBuildFile; fileRef = F0F66F0623A69DD000272AAD /* ViewController.swift */; };
		F0F66F0A23A69DD000272AAD /* Main.storyboard in Resources */ = {isa = PBXBuildFile; fileRef = F0F66F0823A69DD000272AAD /* Main.storyboard */; };
		F0F66F0C23A69DD200272AAD /* Assets.xcassets in Resources */ = {isa = PBXBuildFile; fileRef = F0F66F0B23A69DD200272AAD /* Assets.xcassets */; };
		F0F66F0F23A69DD200272AAD /* LaunchScreen.storyboard in Resources */ = {isa = PBXBuildFile; fileRef = F0F66F0D23A69DD200272AAD /* LaunchScreen.storyboard */; };
		F0F66F1923A6A3F100272AAD /* GoogleService-Info.plist in Resources */ = {isa = PBXBuildFile; fileRef = F0F66F1823A6A3F100272AAD /* GoogleService-Info.plist */; };
		F0F66F1B23A6A7CD00272AAD /* AuthViewController.swift in Sources */ = {isa = PBXBuildFile; fileRef = F0F66F1A23A6A7CD00272AAD /* AuthViewController.swift */; };
		F0F66F1D23A6A7DE00272AAD /* SignInViewController.swift in Sources */ = {isa = PBXBuildFile; fileRef = F0F66F1C23A6A7DE00272AAD /* SignInViewController.swift */; };
		F0F66F1F23A6A7EE00272AAD /* LoginViewController.swift in Sources */ = {isa = PBXBuildFile; fileRef = F0F66F1E23A6A7EE00272AAD /* LoginViewController.swift */; };
		F0F66F2123A6A80200272AAD /* PageViewController.swift in Sources */ = {isa = PBXBuildFile; fileRef = F0F66F2023A6A80200272AAD /* PageViewController.swift */; };
/* End PBXBuildFile section */

/* Begin PBXFileReference section */
		61DF4114397AFC064D76A33D /* Pods-FirebaseWebinar.release.xcconfig */ = {isa = PBXFileReference; includeInIndex = 1; lastKnownFileType = text.xcconfig; name = "Pods-FirebaseWebinar.release.xcconfig"; path = "Target Support Files/Pods-FirebaseWebinar/Pods-FirebaseWebinar.release.xcconfig"; sourceTree = "<group>"; };
		D43E6D3A4581C024CA7E542A /* Pods-FirebaseWebinar.debug.xcconfig */ = {isa = PBXFileReference; includeInIndex = 1; lastKnownFileType = text.xcconfig; name = "Pods-FirebaseWebinar.debug.xcconfig"; path = "Target Support Files/Pods-FirebaseWebinar/Pods-FirebaseWebinar.debug.xcconfig"; sourceTree = "<group>"; };
		F0F66EFF23A69DD000272AAD /* FirebaseWebinar.app */ = {isa = PBXFileReference; explicitFileType = wrapper.application; includeInIndex = 0; path = FirebaseWebinar.app; sourceTree = BUILT_PRODUCTS_DIR; };
		F0F66F0223A69DD000272AAD /* AppDelegate.swift */ = {isa = PBXFileReference; lastKnownFileType = sourcecode.swift; path = AppDelegate.swift; sourceTree = "<group>"; };
		F0F66F0423A69DD000272AAD /* SceneDelegate.swift */ = {isa = PBXFileReference; lastKnownFileType = sourcecode.swift; path = SceneDelegate.swift; sourceTree = "<group>"; };
		F0F66F0623A69DD000272AAD /* ViewController.swift */ = {isa = PBXFileReference; lastKnownFileType = sourcecode.swift; path = ViewController.swift; sourceTree = "<group>"; };
		F0F66F0923A69DD000272AAD /* Base */ = {isa = PBXFileReference; lastKnownFileType = file.storyboard; name = Base; path = Base.lproj/Main.storyboard; sourceTree = "<group>"; };
		F0F66F0B23A69DD200272AAD /* Assets.xcassets */ = {isa = PBXFileReference; lastKnownFileType = folder.assetcatalog; path = Assets.xcassets; sourceTree = "<group>"; };
		F0F66F0E23A69DD200272AAD /* Base */ = {isa = PBXFileReference; lastKnownFileType = file.storyboard; name = Base; path = Base.lproj/LaunchScreen.storyboard; sourceTree = "<group>"; };
		F0F66F1023A69DD200272AAD /* Info.plist */ = {isa = PBXFileReference; lastKnownFileType = text.plist.xml; path = Info.plist; sourceTree = "<group>"; };
		F0F66F1823A6A3F100272AAD /* GoogleService-Info.plist */ = {isa = PBXFileReference; fileEncoding = 4; lastKnownFileType = text.plist.xml; path = "GoogleService-Info.plist"; sourceTree = "<group>"; };
		F0F66F1A23A6A7CD00272AAD /* AuthViewController.swift */ = {isa = PBXFileReference; lastKnownFileType = sourcecode.swift; path = AuthViewController.swift; sourceTree = "<group>"; };
		F0F66F1C23A6A7DE00272AAD /* SignInViewController.swift */ = {isa = PBXFileReference; lastKnownFileType = sourcecode.swift; path = SignInViewController.swift; sourceTree = "<group>"; };
		F0F66F1E23A6A7EE00272AAD /* LoginViewController.swift */ = {isa = PBXFileReference; lastKnownFileType = sourcecode.swift; path = LoginViewController.swift; sourceTree = "<group>"; };
		F0F66F2023A6A80200272AAD /* PageViewController.swift */ = {isa = PBXFileReference; lastKnownFileType = sourcecode.swift; path = PageViewController.swift; sourceTree = "<group>"; };
		FAE51934E99E046C684F0AF0 /* Pods_FirebaseWebinar.framework */ = {isa = PBXFileReference; explicitFileType = wrapper.framework; includeInIndex = 0; path = Pods_FirebaseWebinar.framework; sourceTree = BUILT_PRODUCTS_DIR; };
/* End PBXFileReference section */

/* Begin PBXFrameworksBuildPhase section */
		F0F66EFC23A69DD000272AAD /* Frameworks */ = {
			isa = PBXFrameworksBuildPhase;
			buildActionMask = 2147483647;
			files = (
				D55DC4BE214AFC182A3AD8E1 /* Pods_FirebaseWebinar.framework in Frameworks */,
			);
			runOnlyForDeploymentPostprocessing = 0;
		};
/* End PBXFrameworksBuildPhase section */

/* Begin PBXGroup section */
		2DC12CB6D1589C6D58C3FF5B /* Pods */ = {
			isa = PBXGroup;
			children = (
				D43E6D3A4581C024CA7E542A /* Pods-FirebaseWebinar.debug.xcconfig */,
				61DF4114397AFC064D76A33D /* Pods-FirebaseWebinar.release.xcconfig */,
			);
			path = Pods;
			sourceTree = "<group>";
		};
		402ED6BC176403D004E2AA3A /* Frameworks */ = {
			isa = PBXGroup;
			children = (
				FAE51934E99E046C684F0AF0 /* Pods_FirebaseWebinar.framework */,
			);
			name = Frameworks;
			sourceTree = "<group>";
		};
		F0F66EF623A69DD000272AAD = {
			isa = PBXGroup;
			children = (
				F0F66F0123A69DD000272AAD /* FirebaseWebinar */,
				F0F66F0023A69DD000272AAD /* Products */,
				2DC12CB6D1589C6D58C3FF5B /* Pods */,
				402ED6BC176403D004E2AA3A /* Frameworks */,
			);
			sourceTree = "<group>";
		};
		F0F66F0023A69DD000272AAD /* Products */ = {
			isa = PBXGroup;
			children = (
				F0F66EFF23A69DD000272AAD /* FirebaseWebinar.app */,
			);
			name = Products;
			sourceTree = "<group>";
		};
		F0F66F0123A69DD000272AAD /* FirebaseWebinar */ = {
			isa = PBXGroup;
			children = (
				F0F66F0223A69DD000272AAD /* AppDelegate.swift */,
				F0F66F0423A69DD000272AAD /* SceneDelegate.swift */,
				F0F66F0623A69DD000272AAD /* ViewController.swift */,
				F0F66F1A23A6A7CD00272AAD /* AuthViewController.swift */,
				F0F66F1C23A6A7DE00272AAD /* SignInViewController.swift */,
				F0F66F1E23A6A7EE00272AAD /* LoginViewController.swift */,
				F0F66F2023A6A80200272AAD /* PageViewController.swift */,
				F0F66F0823A69DD000272AAD /* Main.storyboard */,
				F0F66F0B23A69DD200272AAD /* Assets.xcassets */,
				F0F66F0D23A69DD200272AAD /* LaunchScreen.storyboard */,
				F0F66F1023A69DD200272AAD /* Info.plist */,
				F0F66F1823A6A3F100272AAD /* GoogleService-Info.plist */,
			);
			path = FirebaseWebinar;
			sourceTree = "<group>";
		};
/* End PBXGroup section */

/* Begin PBXNativeTarget section */
		F0F66EFE23A69DD000272AAD /* FirebaseWebinar */ = {
			isa = PBXNativeTarget;
			buildConfigurationList = F0F66F1323A69DD200272AAD /* Build configuration list for PBXNativeTarget "FirebaseWebinar" */;
			buildPhases = (
				5E43563E6F0949C998B3E5C4 /* [CP] Check Pods Manifest.lock */,
				F0F66EFB23A69DD000272AAD /* Sources */,
				F0F66EFC23A69DD000272AAD /* Frameworks */,
				F0F66EFD23A69DD000272AAD /* Resources */,
				9DD10CF981E9D6AA7674C880 /* [CP] Embed Pods Frameworks */,
			);
			buildRules = (
			);
			dependencies = (
			);
			name = FirebaseWebinar;
			productName = FirebaseWebinar;
			productReference = F0F66EFF23A69DD000272AAD /* FirebaseWebinar.app */;
			productType = "com.apple.product-type.application";
		};
/* End PBXNativeTarget section */

/* Begin PBXProject section */
		F0F66EF723A69DD000272AAD /* Project object */ = {
			isa = PBXProject;
			attributes = {
				LastSwiftUpdateCheck = 1120;
				LastUpgradeCheck = 1120;
				ORGANIZATIONNAME = "Алексей Пархоменко";
				TargetAttributes = {
					F0F66EFE23A69DD000272AAD = {
						CreatedOnToolsVersion = 11.2.1;
					};
				};
			};
			buildConfigurationList = F0F66EFA23A69DD000272AAD /* Build configuration list for PBXProject "FirebaseWebinar" */;
			compatibilityVersion = "Xcode 9.3";
			developmentRegion = en;
			hasScannedForEncodings = 0;
			knownRegions = (
				en,
				Base,
			);
			mainGroup = F0F66EF623A69DD000272AAD;
			productRefGroup = F0F66F0023A69DD000272AAD /* Products */;
			projectDirPath = "";
			projectRoot = "";
			targets = (
				F0F66EFE23A69DD000272AAD /* FirebaseWebinar */,
			);
		};
/* End PBXProject section */

/* Begin PBXResourcesBuildPhase section */
		F0F66EFD23A69DD000272AAD /* Resources */ = {
			isa = PBXResourcesBuildPhase;
			buildActionMask = 2147483647;
			files = (
				F0F66F0F23A69DD200272AAD /* LaunchScreen.storyboard in Resources */,
				F0F66F1923A6A3F100272AAD /* GoogleService-Info.plist in Resources */,
				F0F66F0C23A69DD200272AAD /* Assets.xcassets in Resources */,
				F0F66F0A23A69DD000272AAD /* Main.storyboard in Resources */,
			);
			runOnlyForDeploymentPostprocessing = 0;
		};
/* End PBXResourcesBuildPhase section */

/* Begin PBXShellScriptBuildPhase section */
		5E43563E6F0949C998B3E5C4 /* [CP] Check Pods Manifest.lock */ = {
			isa = PBXShellScriptBuildPhase;
			buildActionMask = 2147483647;
			files = (
			);
			inputFileListPaths = (
			);
			inputPaths = (
				"${PODS_PODFILE_DIR_PATH}/Podfile.lock",
				"${PODS_ROOT}/Manifest.lock",
			);
			name = "[CP] Check Pods Manifest.lock";
			outputFileListPaths = (
			);
			outputPaths = (
				"$(DERIVED_FILE_DIR)/Pods-FirebaseWebinar-checkManifestLockResult.txt",
			);
			runOnlyForDeploymentPostprocessing = 0;
			shellPath = /bin/sh;
			shellScript = "diff \"${PODS_PODFILE_DIR_PATH}/Podfile.lock\" \"${PODS_ROOT}/Manifest.lock\" > /dev/null\nif [ $? != 0 ] ; then\n    # print error to STDERR\n    echo \"error: The sandbox is not in sync with the Podfile.lock. Run 'pod install' or update your CocoaPods installation.\" >&2\n    exit 1\nfi\n# This output is used by Xcode 'outputs' to avoid re-running this script phase.\necho \"SUCCESS\" > \"${SCRIPT_OUTPUT_FILE_0}\"\n";
			showEnvVarsInLog = 0;
		};
		9DD10CF981E9D6AA7674C880 /* [CP] Embed Pods Frameworks */ = {
			isa = PBXShellScriptBuildPhase;
			buildActionMask = 2147483647;
			files = (
			);
			inputFileListPaths = (
				"${PODS_ROOT}/Target Support Files/Pods-FirebaseWebinar/Pods-FirebaseWebinar-frameworks-${CONFIGURATION}-input-files.xcfilelist",
			);
			name = "[CP] Embed Pods Frameworks";
			outputFileListPaths = (
				"${PODS_ROOT}/Target Support Files/Pods-FirebaseWebinar/Pods-FirebaseWebinar-frameworks-${CONFIGURATION}-output-files.xcfilelist",
			);
			runOnlyForDeploymentPostprocessing = 0;
			shellPath = /bin/sh;
			shellScript = "\"${PODS_ROOT}/Target Support Files/Pods-FirebaseWebinar/Pods-FirebaseWebinar-frameworks.sh\"\n";
			showEnvVarsInLog = 0;
		};
/* End PBXShellScriptBuildPhase section */

/* Begin PBXSourcesBuildPhase section */
		F0F66EFB23A69DD000272AAD /* Sources */ = {
			isa = PBXSourcesBuildPhase;
			buildActionMask = 2147483647;
			files = (
				F0F66F1F23A6A7EE00272AAD /* LoginViewController.swift in Sources */,
				F0F66F2123A6A80200272AAD /* PageViewController.swift in Sources */,
				F0F66F1B23A6A7CD00272AAD /* AuthViewController.swift in Sources */,
				F0F66F0723A69DD000272AAD /* ViewController.swift in Sources */,
				F0F66F0323A69DD000272AAD /* AppDelegate.swift in Sources */,
				F0F66F1D23A6A7DE00272AAD /* SignInViewController.swift in Sources */,
				F0F66F0523A69DD000272AAD /* SceneDelegate.swift in Sources */,
			);
			runOnlyForDeploymentPostprocessing = 0;
		};
/* End PBXSourcesBuildPhase section */

/* Begin PBXVariantGroup section */
		F0F66F0823A69DD000272AAD /* Main.storyboard */ = {
			isa = PBXVariantGroup;
			children = (
				F0F66F0923A69DD000272AAD /* Base */,
			);
			name = Main.storyboard;
			sourceTree = "<group>";
		};
		F0F66F0D23A69DD200272AAD /* LaunchScreen.storyboard */ = {
			isa = PBXVariantGroup;
			children = (
				F0F66F0E23A69DD200272AAD /* Base */,
			);
			name = LaunchScreen.storyboard;
			sourceTree = "<group>";
		};
/* End PBXVariantGroup section */

/* Begin XCBuildConfiguration section */
		F0F66F1123A69DD200272AAD /* Debug */ = {
			isa = XCBuildConfiguration;
			buildSettings = {
				ALWAYS_SEARCH_USER_PATHS = NO;
				CLANG_ANALYZER_NONNULL = YES;
				CLANG_ANALYZER_NUMBER_OBJECT_CONVERSION = YES_AGGRESSIVE;
				CLANG_CXX_LANGUAGE_STANDARD = "gnu++14";
				CLANG_CXX_LIBRARY = "libc++";
				CLANG_ENABLE_MODULES = YES;
				CLANG_ENABLE_OBJC_ARC = YES;
				CLANG_ENABLE_OBJC_WEAK = YES;
				CLANG_WARN_BLOCK_CAPTURE_AUTORELEASING = YES;
				CLANG_WARN_BOOL_CONVERSION = YES;
				CLANG_WARN_COMMA = YES;
				CLANG_WARN_CONSTANT_CONVERSION = YES;
				CLANG_WARN_DEPRECATED_OBJC_IMPLEMENTATIONS = YES;
				CLANG_WARN_DIRECT_OBJC_ISA_USAGE = YES_ERROR;
				CLANG_WARN_DOCUMENTATION_COMMENTS = YES;
				CLANG_WARN_EMPTY_BODY = YES;
				CLANG_WARN_ENUM_CONVERSION = YES;
				CLANG_WARN_INFINITE_RECURSION = YES;
				CLANG_WARN_INT_CONVERSION = YES;
				CLANG_WARN_NON_LITERAL_NULL_CONVERSION = YES;
				CLANG_WARN_OBJC_IMPLICIT_RETAIN_SELF = YES;
				CLANG_WARN_OBJC_LITERAL_CONVERSION = YES;
				CLANG_WARN_OBJC_ROOT_CLASS = YES_ERROR;
				CLANG_WARN_RANGE_LOOP_ANALYSIS = YES;
				CLANG_WARN_STRICT_PROTOTYPES = YES;
				CLANG_WARN_SUSPICIOUS_MOVE = YES;
				CLANG_WARN_UNGUARDED_AVAILABILITY = YES_AGGRESSIVE;
				CLANG_WARN_UNREACHABLE_CODE = YES;
				CLANG_WARN__DUPLICATE_METHOD_MATCH = YES;
				COPY_PHASE_STRIP = NO;
				DEBUG_INFORMATION_FORMAT = dwarf;
				ENABLE_STRICT_OBJC_MSGSEND = YES;
				ENABLE_TESTABILITY = YES;
				GCC_C_LANGUAGE_STANDARD = gnu11;
				GCC_DYNAMIC_NO_PIC = NO;
				GCC_NO_COMMON_BLOCKS = YES;
				GCC_OPTIMIZATION_LEVEL = 0;
				GCC_PREPROCESSOR_DEFINITIONS = (
					"DEBUG=1",
					"$(inherited)",
				);
				GCC_WARN_64_TO_32_BIT_CONVERSION = YES;
				GCC_WARN_ABOUT_RETURN_TYPE = YES_ERROR;
				GCC_WARN_UNDECLARED_SELECTOR = YES;
				GCC_WARN_UNINITIALIZED_AUTOS = YES_AGGRESSIVE;
				GCC_WARN_UNUSED_FUNCTION = YES;
				GCC_WARN_UNUSED_VARIABLE = YES;
				IPHONEOS_DEPLOYMENT_TARGET = 13.2;
				MTL_ENABLE_DEBUG_INFO = INCLUDE_SOURCE;
				MTL_FAST_MATH = YES;
				ONLY_ACTIVE_ARCH = YES;
				SDKROOT = iphoneos;
				SWIFT_ACTIVE_COMPILATION_CONDITIONS = DEBUG;
				SWIFT_OPTIMIZATION_LEVEL = "-Onone";
			};
			name = Debug;
		};
		F0F66F1223A69DD200272AAD /* Release */ = {
			isa = XCBuildConfiguration;
			buildSettings = {
				ALWAYS_SEARCH_USER_PATHS = NO;
				CLANG_ANALYZER_NONNULL = YES;
				CLANG_ANALYZER_NUMBER_OBJECT_CONVERSION = YES_AGGRESSIVE;
				CLANG_CXX_LANGUAGE_STANDARD = "gnu++14";
				CLANG_CXX_LIBRARY = "libc++";
				CLANG_ENABLE_MODULES = YES;
				CLANG_ENABLE_OBJC_ARC = YES;
				CLANG_ENABLE_OBJC_WEAK = YES;
				CLANG_WARN_BLOCK_CAPTURE_AUTORELEASING = YES;
				CLANG_WARN_BOOL_CONVERSION = YES;
				CLANG_WARN_COMMA = YES;
				CLANG_WARN_CONSTANT_CONVERSION = YES;
				CLANG_WARN_DEPRECATED_OBJC_IMPLEMENTATIONS = YES;
				CLANG_WARN_DIRECT_OBJC_ISA_USAGE = YES_ERROR;
				CLANG_WARN_DOCUMENTATION_COMMENTS = YES;
				CLANG_WARN_EMPTY_BODY = YES;
				CLANG_WARN_ENUM_CONVERSION = YES;
				CLANG_WARN_INFINITE_RECURSION = YES;
				CLANG_WARN_INT_CONVERSION = YES;
				CLANG_WARN_NON_LITERAL_NULL_CONVERSION = YES;
				CLANG_WARN_OBJC_IMPLICIT_RETAIN_SELF = YES;
				CLANG_WARN_OBJC_LITERAL_CONVERSION = YES;
				CLANG_WARN_OBJC_ROOT_CLASS = YES_ERROR;
				CLANG_WARN_RANGE_LOOP_ANALYSIS = YES;
				CLANG_WARN_STRICT_PROTOTYPES = YES;
				CLANG_WARN_SUSPICIOUS_MOVE = YES;
				CLANG_WARN_UNGUARDED_AVAILABILITY = YES_AGGRESSIVE;
				CLANG_WARN_UNREACHABLE_CODE = YES;
				CLANG_WARN__DUPLICATE_METHOD_MATCH = YES;
				COPY_PHASE_STRIP = NO;
				DEBUG_INFORMATION_FORMAT = "dwarf-with-dsym";
				ENABLE_NS_ASSERTIONS = NO;
				ENABLE_STRICT_OBJC_MSGSEND = YES;
				GCC_C_LANGUAGE_STANDARD = gnu11;
				GCC_NO_COMMON_BLOCKS = YES;
				GCC_WARN_64_TO_32_BIT_CONVERSION = YES;
				GCC_WARN_ABOUT_RETURN_TYPE = YES_ERROR;
				GCC_WARN_UNDECLARED_SELECTOR = YES;
				GCC_WARN_UNINITIALIZED_AUTOS = YES_AGGRESSIVE;
				GCC_WARN_UNUSED_FUNCTION = YES;
				GCC_WARN_UNUSED_VARIABLE = YES;
				IPHONEOS_DEPLOYMENT_TARGET = 13.2;
				MTL_ENABLE_DEBUG_INFO = NO;
				MTL_FAST_MATH = YES;
				SDKROOT = iphoneos;
				SWIFT_COMPILATION_MODE = wholemodule;
				SWIFT_OPTIMIZATION_LEVEL = "-O";
				VALIDATE_PRODUCT = YES;
			};
			name = Release;
		};
		F0F66F1423A69DD200272AAD /* Debug */ = {
			isa = XCBuildConfiguration;
			baseConfigurationReference = D43E6D3A4581C024CA7E542A /* Pods-FirebaseWebinar.debug.xcconfig */;
			buildSettings = {
				ASSETCATALOG_COMPILER_APPICON_NAME = AppIcon;
				CODE_SIGN_STYLE = Automatic;
				DEVELOPMENT_TEAM = TSZQ4D456H;
				INFOPLIST_FILE = FirebaseWebinar/Info.plist;
				LD_RUNPATH_SEARCH_PATHS = (
					"$(inherited)",
					"@executable_path/Frameworks",
				);
				PRODUCT_BUNDLE_IDENTIFIER = com.alexeyParkhomenko.FirebaseWebinar;
				PRODUCT_NAME = "$(TARGET_NAME)";
				SWIFT_VERSION = 5.0;
				TARGETED_DEVICE_FAMILY = "1,2";
			};
			name = Debug;
		};
		F0F66F1523A69DD200272AAD /* Release */ = {
			isa = XCBuildConfiguration;
			baseConfigurationReference = 61DF4114397AFC064D76A33D /* Pods-FirebaseWebinar.release.xcconfig */;
			buildSettings = {
				ASSETCATALOG_COMPILER_APPICON_NAME = AppIcon;
				CODE_SIGN_STYLE = Automatic;
				DEVELOPMENT_TEAM = TSZQ4D456H;
				INFOPLIST_FILE = FirebaseWebinar/Info.plist;
				LD_RUNPATH_SEARCH_PATHS = (
					"$(inherited)",
					"@executable_path/Frameworks",
				);
				PRODUCT_BUNDLE_IDENTIFIER = com.alexeyParkhomenko.FirebaseWebinar;
				PRODUCT_NAME = "$(TARGET_NAME)";
				SWIFT_VERSION = 5.0;
				TARGETED_DEVICE_FAMILY = "1,2";
			};
			name = Release;
		};
/* End XCBuildConfiguration section */

/* Begin XCConfigurationList section */
		F0F66EFA23A69DD000272AAD /* Build configuration list for PBXProject "FirebaseWebinar" */ = {
			isa = XCConfigurationList;
			buildConfigurations = (
				F0F66F1123A69DD200272AAD /* Debug */,
				F0F66F1223A69DD200272AAD /* Release */,
			);
			defaultConfigurationIsVisible = 0;
			defaultConfigurationName = Release;
		};
		F0F66F1323A69DD200272AAD /* Build configuration list for PBXNativeTarget "FirebaseWebinar" */ = {
			isa = XCConfigurationList;
			buildConfigurations = (
				F0F66F1423A69DD200272AAD /* Debug */,
				F0F66F1523A69DD200272AAD /* Release */,
			);
			defaultConfigurationIsVisible = 0;
			defaultConfigurationName = Release;
		};
/* End XCConfigurationList section */
	};
	rootObject = F0F66EF723A69DD000272AAD /* Project object */;
}
